{
  "name": "betterbudget-root",
  "lockfileVersion": 3,
  "requires": true,
  "packages": {
    "": {
      "name": "betterbudget-root",
      "workspaces": [
        "packages/*"
      ]
    },
    "node_modules/@betterbudget/shared": {
      "resolved": "packages/shared",
      "link": true
    },
    "packages/shared": {
      "name": "@betterbudget/shared",
      "version": "0.0.1"
    }
  }
}
